# This file is automatically @generated by Poetry 1.5.1 and should not be changed by hand.

[[package]]
name = "h5py"
version = "3.9.0"
description = "Read and write HDF5 files from Python"
optional = false
python-versions = ">=3.8"
files = [
    {file = "h5py-3.9.0-cp310-cp310-macosx_10_9_x86_64.whl", hash = "sha256:eb7bdd5e601dd1739698af383be03f3dad0465fe67184ebd5afca770f50df9d6"},
    {file = "h5py-3.9.0-cp310-cp310-macosx_11_0_arm64.whl", hash = "sha256:78e44686334cbbf2dd21d9df15823bc38663f27a3061f6a032c68a3e30c47bf7"},
    {file = "h5py-3.9.0-cp310-cp310-manylinux_2_17_aarch64.manylinux2014_aarch64.whl", hash = "sha256:f68b41efd110ce9af1cbe6fa8af9f4dcbadace6db972d30828b911949e28fadd"},
    {file = "h5py-3.9.0-cp310-cp310-manylinux_2_17_x86_64.manylinux2014_x86_64.whl", hash = "sha256:12aa556d540f11a2cae53ea7cfb94017353bd271fb3962e1296b342f6550d1b8"},
    {file = "h5py-3.9.0-cp310-cp310-win_amd64.whl", hash = "sha256:d97409e17915798029e297a84124705c8080da901307ea58f29234e09b073ddc"},
    {file = "h5py-3.9.0-cp311-cp311-macosx_10_9_x86_64.whl", hash = "sha256:551e358db05a874a0f827b22e95b30092f2303edc4b91bb62ad2f10e0236e1a0"},
    {file = "h5py-3.9.0-cp311-cp311-macosx_11_0_arm64.whl", hash = "sha256:6822a814b9d8b8363ff102f76ea8d026f0ca25850bb579d85376029ee3e73b93"},
    {file = "h5py-3.9.0-cp311-cp311-manylinux_2_17_aarch64.manylinux2014_aarch64.whl", hash = "sha256:54f01202cdea754ab4227dd27014bdbd561a4bbe4b631424fd812f7c2ce9c6ac"},
    {file = "h5py-3.9.0-cp311-cp311-manylinux_2_17_x86_64.manylinux2014_x86_64.whl", hash = "sha256:64acceaf6aff92af091a4b83f6dee3cf8d3061f924a6bb3a33eb6c4658a8348b"},
    {file = "h5py-3.9.0-cp311-cp311-win_amd64.whl", hash = "sha256:804c7fb42a34c8ab3a3001901c977a5c24d2e9c586a0f3e7c0a389130b4276fc"},
    {file = "h5py-3.9.0-cp38-cp38-macosx_10_9_x86_64.whl", hash = "sha256:8d9492391ff5c3c80ec30ae2fe82a3f0efd1e750833739c25b0d090e3be1b095"},
    {file = "h5py-3.9.0-cp38-cp38-macosx_11_0_arm64.whl", hash = "sha256:9da9e7e63376c32704e37ad4cea2dceae6964cee0d8515185b3ab9cbd6b947bc"},
    {file = "h5py-3.9.0-cp38-cp38-manylinux_2_17_aarch64.manylinux2014_aarch64.whl", hash = "sha256:a4e20897c88759cbcbd38fb45b507adc91af3e0f67722aa302d71f02dd44d286"},
    {file = "h5py-3.9.0-cp38-cp38-manylinux_2_17_x86_64.manylinux2014_x86_64.whl", hash = "sha256:dbf5225543ca35ce9f61c950b73899a82be7ba60d58340e76d0bd42bf659235a"},
    {file = "h5py-3.9.0-cp38-cp38-win_amd64.whl", hash = "sha256:36408f8c62f50007d14e000f9f3acf77e103b9e932c114cbe52a3089e50ebf94"},
    {file = "h5py-3.9.0-cp39-cp39-macosx_10_9_x86_64.whl", hash = "sha256:23e74b878bbe1653ab34ca49b83cac85529cd0b36b9d625516c5830cc5ca2eac"},
    {file = "h5py-3.9.0-cp39-cp39-macosx_11_0_arm64.whl", hash = "sha256:3f457089c5d524b7998e3649bc63240679b8fb0a3859ea53bbb06841f3d755f1"},
    {file = "h5py-3.9.0-cp39-cp39-manylinux_2_17_aarch64.manylinux2014_aarch64.whl", hash = "sha256:a6284061f3214335e1eec883a6ee497dbe7a79f19e6a57fed2dd1f03acd5a8cb"},
    {file = "h5py-3.9.0-cp39-cp39-manylinux_2_17_x86_64.manylinux2014_x86_64.whl", hash = "sha256:95f7a745efd0d56076999b52e8da5fad5d30823bac98b59c68ae75588d09991a"},
    {file = "h5py-3.9.0-cp39-cp39-win_amd64.whl", hash = "sha256:79bbca34696c6f9eeeb36a91776070c49a060b2879828e2c8fa6c58b8ed10dd1"},
    {file = "h5py-3.9.0.tar.gz", hash = "sha256:e604db6521c1e367c6bd7fad239c847f53cc46646f2d2651372d05ae5e95f817"},
]

[package.dependencies]
numpy = ">=1.17.3"

[[package]]
name = "httplib2"
version = "0.22.0"
description = "A comprehensive HTTP client library."
optional = false
python-versions = ">=2.7, !=3.0.*, !=3.1.*, !=3.2.*, !=3.3.*"
files = [
    {file = "httplib2-0.22.0-py3-none-any.whl", hash = "sha256:14ae0a53c1ba8f3d37e9e27cf37eabb0fb9980f435ba405d546948b009dd64dc"},
    {file = "httplib2-0.22.0.tar.gz", hash = "sha256:d7a10bc5ef5ab08322488bde8c726eeee5c8618723fdb399597ec58f3d82df81"},
]

[package.dependencies]
pyparsing = {version = ">=2.4.2,<3.0.0 || >3.0.0,<3.0.1 || >3.0.1,<3.0.2 || >3.0.2,<3.0.3 || >3.0.3,<4", markers = "python_version > \"3.0\""}

[[package]]
name = "isodate"
version = "0.6.1"
description = "An ISO 8601 date/time/duration parser and formatter"
optional = false
python-versions = "*"
files = [
    {file = "isodate-0.6.1-py2.py3-none-any.whl", hash = "sha256:0751eece944162659049d35f4f549ed815792b38793f07cf73381c1c87cbed96"},
    {file = "isodate-0.6.1.tar.gz", hash = "sha256:48c5881de7e8b0a0d648cb024c8062dc84e7b840ed81e864c7614fd3c127bde9"},
]

[package.dependencies]
six = "*"

[[package]]
name = "numpy"
version = "1.25.2"
description = "Fundamental package for array computing in Python"
optional = false
python-versions = ">=3.9"
files = [
    {file = "numpy-1.25.2-cp310-cp310-macosx_10_9_x86_64.whl", hash = "sha256:db3ccc4e37a6873045580d413fe79b68e47a681af8db2e046f1dacfa11f86eb3"},
    {file = "numpy-1.25.2-cp310-cp310-macosx_11_0_arm64.whl", hash = "sha256:90319e4f002795ccfc9050110bbbaa16c944b1c37c0baeea43c5fb881693ae1f"},
    {file = "numpy-1.25.2-cp310-cp310-manylinux_2_17_aarch64.manylinux2014_aarch64.whl", hash = "sha256:dfe4a913e29b418d096e696ddd422d8a5d13ffba4ea91f9f60440a3b759b0187"},
    {file = "numpy-1.25.2-cp310-cp310-manylinux_2_17_x86_64.manylinux2014_x86_64.whl", hash = "sha256:f08f2e037bba04e707eebf4bc934f1972a315c883a9e0ebfa8a7756eabf9e357"},
    {file = "numpy-1.25.2-cp310-cp310-musllinux_1_1_x86_64.whl", hash = "sha256:bec1e7213c7cb00d67093247f8c4db156fd03075f49876957dca4711306d39c9"},
    {file = "numpy-1.25.2-cp310-cp310-win32.whl", hash = "sha256:7dc869c0c75988e1c693d0e2d5b26034644399dd929bc049db55395b1379e044"},
    {file = "numpy-1.25.2-cp310-cp310-win_amd64.whl", hash = "sha256:834b386f2b8210dca38c71a6e0f4fd6922f7d3fcff935dbe3a570945acb1b545"},
    {file = "numpy-1.25.2-cp311-cp311-macosx_10_9_x86_64.whl", hash = "sha256:c5462d19336db4560041517dbb7759c21d181a67cb01b36ca109b2ae37d32418"},
    {file = "numpy-1.25.2-cp311-cp311-macosx_11_0_arm64.whl", hash = "sha256:c5652ea24d33585ea39eb6a6a15dac87a1206a692719ff45d53c5282e66d4a8f"},
    {file = "numpy-1.25.2-cp311-cp311-manylinux_2_17_aarch64.manylinux2014_aarch64.whl", hash = "sha256:0d60fbae8e0019865fc4784745814cff1c421df5afee233db6d88ab4f14655a2"},
    {file = "numpy-1.25.2-cp311-cp311-manylinux_2_17_x86_64.manylinux2014_x86_64.whl", hash = "sha256:60e7f0f7f6d0eee8364b9a6304c2845b9c491ac706048c7e8cf47b83123b8dbf"},
    {file = "numpy-1.25.2-cp311-cp311-musllinux_1_1_x86_64.whl", hash = "sha256:bb33d5a1cf360304754913a350edda36d5b8c5331a8237268c48f91253c3a364"},
    {file = "numpy-1.25.2-cp311-cp311-win32.whl", hash = "sha256:5883c06bb92f2e6c8181df7b39971a5fb436288db58b5a1c3967702d4278691d"},
    {file = "numpy-1.25.2-cp311-cp311-win_amd64.whl", hash = "sha256:5c97325a0ba6f9d041feb9390924614b60b99209a71a69c876f71052521d42a4"},
    {file = "numpy-1.25.2-cp39-cp39-macosx_10_9_x86_64.whl", hash = "sha256:b79e513d7aac42ae918db3ad1341a015488530d0bb2a6abcbdd10a3a829ccfd3"},
    {file = "numpy-1.25.2-cp39-cp39-macosx_11_0_arm64.whl", hash = "sha256:eb942bfb6f84df5ce05dbf4b46673ffed0d3da59f13635ea9b926af3deb76926"},
    {file = "numpy-1.25.2-cp39-cp39-manylinux_2_17_aarch64.manylinux2014_aarch64.whl", hash = "sha256:3e0746410e73384e70d286f93abf2520035250aad8c5714240b0492a7302fdca"},
    {file = "numpy-1.25.2-cp39-cp39-manylinux_2_17_x86_64.manylinux2014_x86_64.whl", hash = "sha256:d7806500e4f5bdd04095e849265e55de20d8cc4b661b038957354327f6d9b295"},
    {file = "numpy-1.25.2-cp39-cp39-musllinux_1_1_x86_64.whl", hash = "sha256:8b77775f4b7df768967a7c8b3567e309f617dd5e99aeb886fa14dc1a0791141f"},
    {file = "numpy-1.25.2-cp39-cp39-win32.whl", hash = "sha256:2792d23d62ec51e50ce4d4b7d73de8f67a2fd3ea710dcbc8563a51a03fb07b01"},
    {file = "numpy-1.25.2-cp39-cp39-win_amd64.whl", hash = "sha256:76b4115d42a7dfc5d485d358728cdd8719be33cc5ec6ec08632a5d6fca2ed380"},
    {file = "numpy-1.25.2-pp39-pypy39_pp73-macosx_10_9_x86_64.whl", hash = "sha256:1a1329e26f46230bf77b02cc19e900db9b52f398d6722ca853349a782d4cff55"},
    {file = "numpy-1.25.2-pp39-pypy39_pp73-manylinux_2_17_x86_64.manylinux2014_x86_64.whl", hash = "sha256:4c3abc71e8b6edba80a01a52e66d83c5d14433cbcd26a40c329ec7ed09f37901"},
    {file = "numpy-1.25.2-pp39-pypy39_pp73-win_amd64.whl", hash = "sha256:1b9735c27cea5d995496f46a8b1cd7b408b3f34b6d50459d9ac8fe3a20cc17bf"},
    {file = "numpy-1.25.2.tar.gz", hash = "sha256:fd608e19c8d7c55021dffd43bfe5492fab8cc105cc8986f813f8c3c048b38760"},
]

[[package]]
name = "pint"
version = "0.22"
description = "Physical quantities module"
optional = false
python-versions = ">=3.9"
files = [
    {file = "Pint-0.22-py3-none-any.whl", hash = "sha256:6e2b3c5c2b4d9b516608bc860a417a39d66eb99c958f36540cf931d2c2e9f80f"},
    {file = "Pint-0.22.tar.gz", hash = "sha256:2d139f6abbcf3016cad7d3cec05707fe908ac4f99cf59aedfd6ee667b7a64433"},
]

[package.dependencies]
typing-extensions = "*"

[package.extras]
babel = ["babel (<=2.8)"]
dask = ["dask"]
mip = ["mip (>=1.13)"]
numpy = ["numpy (>=1.19.5)"]
pandas = ["pint-pandas (>=0.3)"]
test = ["pytest", "pytest-cov", "pytest-mpl", "pytest-subtests"]
uncertainties = ["uncertainties (>=3.1.6)"]
xarray = ["xarray"]

[[package]]
name = "pyparsing"
version = "3.1.1"
description = "pyparsing module - Classes and methods to define and execute parsing grammars"
optional = false
python-versions = ">=3.6.8"
files = [
    {file = "pyparsing-3.1.1-py3-none-any.whl", hash = "sha256:32c7c0b711493c72ff18a981d24f28aaf9c1fb7ed5e9667c9e84e3db623bdbfb"},
    {file = "pyparsing-3.1.1.tar.gz", hash = "sha256:ede28a1a32462f5a9705e07aea48001a08f7cf81a021585011deba701581a0db"},
]

[package.extras]
diagrams = ["jinja2", "railroad-diagrams"]

[[package]]
name = "python-dateutil"
version = "2.8.2"
description = "Extensions to the standard Python datetime module"
optional = false
python-versions = "!=3.0.*,!=3.1.*,!=3.2.*,>=2.7"
files = [
    {file = "python-dateutil-2.8.2.tar.gz", hash = "sha256:0123cacc1627ae19ddf3c27a5de5bd67ee4586fbdd6440d9748f8abb483d3e86"},
    {file = "python_dateutil-2.8.2-py2.py3-none-any.whl", hash = "sha256:961d03dc3453ebbc59dbdea9e4e11c5651520a876d0f4db161e8674aae935da9"},
]

[package.dependencies]
six = ">=1.5"

[[package]]
name = "rdflib"
version = "7.0.0"
description = "RDFLib is a Python library for working with RDF, a simple yet powerful language for representing information."
optional = false
python-versions = ">=3.8.1,<4.0.0"
files = [
    {file = "rdflib-7.0.0-py3-none-any.whl", hash = "sha256:0438920912a642c866a513de6fe8a0001bd86ef975057d6962c79ce4771687cd"},
    {file = "rdflib-7.0.0.tar.gz", hash = "sha256:9995eb8569428059b8c1affd26b25eac510d64f5043d9ce8c84e0d0036e995ae"},
]

[package.dependencies]
isodate = ">=0.6.0,<0.7.0"
pyparsing = ">=2.1.0,<4"

[package.extras]
berkeleydb = ["berkeleydb (>=18.1.0,<19.0.0)"]
html = ["html5lib (>=1.0,<2.0)"]
lxml = ["lxml (>=4.3.0,<5.0.0)"]
networkx = ["networkx (>=2.0.0,<3.0.0)"]

[[package]]
name = "simplejson"
version = "3.19.1"
description = "Simple, fast, extensible JSON encoder/decoder for Python"
optional = false
python-versions = ">=2.5, !=3.0.*, !=3.1.*, !=3.2.*"
files = [
    {file = "simplejson-3.19.1-cp27-cp27m-macosx_10_9_x86_64.whl", hash = "sha256:412e58997a30c5deb8cab5858b8e2e5b40ca007079f7010ee74565cc13d19665"},
    {file = "simplejson-3.19.1-cp27-cp27m-manylinux1_i686.whl", hash = "sha256:e765b1f47293dedf77946f0427e03ee45def2862edacd8868c6cf9ab97c8afbd"},
    {file = "simplejson-3.19.1-cp27-cp27m-manylinux1_x86_64.whl", hash = "sha256:3231100edee292da78948fa0a77dee4e5a94a0a60bcba9ed7a9dc77f4d4bb11e"},
    {file = "simplejson-3.19.1-cp27-cp27m-manylinux2010_i686.whl", hash = "sha256:081ea6305b3b5e84ae7417e7f45956db5ea3872ec497a584ec86c3260cda049e"},
    {file = "simplejson-3.19.1-cp27-cp27m-manylinux2010_x86_64.whl", hash = "sha256:f253edf694ce836631b350d758d00a8c4011243d58318fbfbe0dd54a6a839ab4"},
    {file = "simplejson-3.19.1-cp27-cp27mu-manylinux1_i686.whl", hash = "sha256:5db86bb82034e055257c8e45228ca3dbce85e38d7bfa84fa7b2838e032a3219c"},
    {file = "simplejson-3.19.1-cp27-cp27mu-manylinux1_x86_64.whl", hash = "sha256:69a8b10a4f81548bc1e06ded0c4a6c9042c0be0d947c53c1ed89703f7e613950"},
    {file = "simplejson-3.19.1-cp27-cp27mu-manylinux2010_i686.whl", hash = "sha256:58ee5e24d6863b22194020eb62673cf8cc69945fcad6b283919490f6e359f7c5"},
    {file = "simplejson-3.19.1-cp27-cp27mu-manylinux2010_x86_64.whl", hash = "sha256:73d0904c2471f317386d4ae5c665b16b5c50ab4f3ee7fd3d3b7651e564ad74b1"},
    {file = "simplejson-3.19.1-cp310-cp310-macosx_10_9_universal2.whl", hash = "sha256:66d780047c31ff316ee305c3f7550f352d87257c756413632303fc59fef19eac"},
    {file = "simplejson-3.19.1-cp310-cp310-macosx_10_9_x86_64.whl", hash = "sha256:cd4d50a27b065447c9c399f0bf0a993bd0e6308db8bbbfbc3ea03b41c145775a"},
    {file = "simplejson-3.19.1-cp310-cp310-macosx_11_0_arm64.whl", hash = "sha256:0c16ec6a67a5f66ab004190829eeede01c633936375edcad7cbf06d3241e5865"},
    {file = "simplejson-3.19.1-cp310-cp310-manylinux_2_17_aarch64.manylinux2014_aarch64.whl", hash = "sha256:17a963e8dd4d81061cc05b627677c1f6a12e81345111fbdc5708c9f088d752c9"},
    {file = "simplejson-3.19.1-cp310-cp310-manylinux_2_17_ppc64le.manylinux2014_ppc64le.whl", hash = "sha256:7e78d79b10aa92f40f54178ada2b635c960d24fc6141856b926d82f67e56d169"},
    {file = "simplejson-3.19.1-cp310-cp310-manylinux_2_5_i686.manylinux1_i686.manylinux_2_17_i686.manylinux2014_i686.whl", hash = "sha256:ad071cd84a636195f35fa71de2186d717db775f94f985232775794d09f8d9061"},
    {file = "simplejson-3.19.1-cp310-cp310-manylinux_2_5_x86_64.manylinux1_x86_64.manylinux_2_17_x86_64.manylinux2014_x86_64.whl", hash = "sha256:6e7c70f19405e5f99168077b785fe15fcb5f9b3c0b70b0b5c2757ce294922c8c"},
    {file = "simplejson-3.19.1-cp310-cp310-musllinux_1_1_aarch64.whl", hash = "sha256:54fca2b26bcd1c403146fd9461d1da76199442297160721b1d63def2a1b17799"},
    {file = "simplejson-3.19.1-cp310-cp310-musllinux_1_1_i686.whl", hash = "sha256:48600a6e0032bed17c20319d91775f1797d39953ccfd68c27f83c8d7fc3b32cb"},
    {file = "simplejson-3.19.1-cp310-cp310-musllinux_1_1_ppc64le.whl", hash = "sha256:93f5ac30607157a0b2579af59a065bcfaa7fadeb4875bf927a8f8b6739c8d910"},
    {file = "simplejson-3.19.1-cp310-cp310-musllinux_1_1_x86_64.whl", hash = "sha256:6b79642a599740603ca86cf9df54f57a2013c47e1dd4dd2ae4769af0a6816900"},
    {file = "simplejson-3.19.1-cp310-cp310-win32.whl", hash = "sha256:d9f2c27f18a0b94107d57294aab3d06d6046ea843ed4a45cae8bd45756749f3a"},
    {file = "simplejson-3.19.1-cp310-cp310-win_amd64.whl", hash = "sha256:5673d27806085d2a413b3be5f85fad6fca4b7ffd31cfe510bbe65eea52fff571"},
    {file = "simplejson-3.19.1-cp311-cp311-macosx_10_9_universal2.whl", hash = "sha256:79c748aa61fd8098d0472e776743de20fae2686edb80a24f0f6593a77f74fe86"},
    {file = "simplejson-3.19.1-cp311-cp311-macosx_10_9_x86_64.whl", hash = "sha256:390f4a8ca61d90bcf806c3ad644e05fa5890f5b9a72abdd4ca8430cdc1e386fa"},
    {file = "simplejson-3.19.1-cp311-cp311-macosx_11_0_arm64.whl", hash = "sha256:d61482b5d18181e6bb4810b4a6a24c63a490c3a20e9fbd7876639653e2b30a1a"},
    {file = "simplejson-3.19.1-cp311-cp311-manylinux_2_17_aarch64.manylinux2014_aarch64.whl", hash = "sha256:2541fdb7467ef9bfad1f55b6c52e8ea52b3ce4a0027d37aff094190a955daa9d"},
    {file = "simplejson-3.19.1-cp311-cp311-manylinux_2_17_ppc64le.manylinux2014_ppc64le.whl", hash = "sha256:46133bc7dd45c9953e6ee4852e3de3d5a9a4a03b068bd238935a5c72f0a1ce34"},
    {file = "simplejson-3.19.1-cp311-cp311-manylinux_2_5_i686.manylinux1_i686.manylinux_2_17_i686.manylinux2014_i686.whl", hash = "sha256:f96def94576f857abf58e031ce881b5a3fc25cbec64b2bc4824824a8a4367af9"},
    {file = "simplejson-3.19.1-cp311-cp311-manylinux_2_5_x86_64.manylinux1_x86_64.manylinux_2_17_x86_64.manylinux2014_x86_64.whl", hash = "sha256:9f14ecca970d825df0d29d5c6736ff27999ee7bdf5510e807f7ad8845f7760ce"},
    {file = "simplejson-3.19.1-cp311-cp311-musllinux_1_1_aarch64.whl", hash = "sha256:66389b6b6ee46a94a493a933a26008a1bae0cfadeca176933e7ff6556c0ce998"},
    {file = "simplejson-3.19.1-cp311-cp311-musllinux_1_1_i686.whl", hash = "sha256:22b867205cd258050c2625325fdd9a65f917a5aff22a23387e245ecae4098e78"},
    {file = "simplejson-3.19.1-cp311-cp311-musllinux_1_1_ppc64le.whl", hash = "sha256:c39fa911e4302eb79c804b221ddec775c3da08833c0a9120041dd322789824de"},
    {file = "simplejson-3.19.1-cp311-cp311-musllinux_1_1_x86_64.whl", hash = "sha256:65dafe413b15e8895ad42e49210b74a955c9ae65564952b0243a18fb35b986cc"},
    {file = "simplejson-3.19.1-cp311-cp311-win32.whl", hash = "sha256:f05d05d99fce5537d8f7a0af6417a9afa9af3a6c4bb1ba7359c53b6257625fcb"},
    {file = "simplejson-3.19.1-cp311-cp311-win_amd64.whl", hash = "sha256:b46aaf0332a8a9c965310058cf3487d705bf672641d2c43a835625b326689cf4"},
    {file = "simplejson-3.19.1-cp36-cp36m-macosx_10_9_x86_64.whl", hash = "sha256:b438e5eaa474365f4faaeeef1ec3e8d5b4e7030706e3e3d6b5bee6049732e0e6"},
    {file = "simplejson-3.19.1-cp36-cp36m-manylinux_2_17_aarch64.manylinux2014_aarch64.whl", hash = "sha256:aa9d614a612ad02492f704fbac636f666fa89295a5d22b4facf2d665fc3b5ea9"},
    {file = "simplejson-3.19.1-cp36-cp36m-manylinux_2_17_ppc64le.manylinux2014_ppc64le.whl", hash = "sha256:46e89f58e4bed107626edce1cf098da3664a336d01fc78fddcfb1f397f553d44"},
    {file = "simplejson-3.19.1-cp36-cp36m-manylinux_2_5_i686.manylinux1_i686.manylinux_2_17_i686.manylinux2014_i686.whl", hash = "sha256:96ade243fb6f3b57e7bd3b71e90c190cd0f93ec5dce6bf38734a73a2e5fa274f"},
    {file = "simplejson-3.19.1-cp36-cp36m-manylinux_2_5_x86_64.manylinux1_x86_64.manylinux_2_17_x86_64.manylinux2014_x86_64.whl", hash = "sha256:ed18728b90758d171f0c66c475c24a443ede815cf3f1a91e907b0db0ebc6e508"},
    {file = "simplejson-3.19.1-cp36-cp36m-musllinux_1_1_aarch64.whl", hash = "sha256:6a561320485017ddfc21bd2ed5de2d70184f754f1c9b1947c55f8e2b0163a268"},
    {file = "simplejson-3.19.1-cp36-cp36m-musllinux_1_1_i686.whl", hash = "sha256:2098811cd241429c08b7fc5c9e41fcc3f59f27c2e8d1da2ccdcf6c8e340ab507"},
    {file = "simplejson-3.19.1-cp36-cp36m-musllinux_1_1_ppc64le.whl", hash = "sha256:8f8d179393e6f0cf6c7c950576892ea6acbcea0a320838c61968ac7046f59228"},
    {file = "simplejson-3.19.1-cp36-cp36m-musllinux_1_1_x86_64.whl", hash = "sha256:eff87c68058374e45225089e4538c26329a13499bc0104b52b77f8428eed36b2"},
    {file = "simplejson-3.19.1-cp36-cp36m-win32.whl", hash = "sha256:d300773b93eed82f6da138fd1d081dc96fbe53d96000a85e41460fe07c8d8b33"},
    {file = "simplejson-3.19.1-cp36-cp36m-win_amd64.whl", hash = "sha256:37724c634f93e5caaca04458f267836eb9505d897ab3947b52f33b191bf344f3"},
    {file = "simplejson-3.19.1-cp37-cp37m-macosx_10_9_x86_64.whl", hash = "sha256:74bf802debe68627227ddb665c067eb8c73aa68b2476369237adf55c1161b728"},
    {file = "simplejson-3.19.1-cp37-cp37m-manylinux_2_17_aarch64.manylinux2014_aarch64.whl", hash = "sha256:70128fb92932524c89f373e17221cf9535d7d0c63794955cc3cd5868e19f5d38"},
    {file = "simplejson-3.19.1-cp37-cp37m-manylinux_2_17_ppc64le.manylinux2014_ppc64le.whl", hash = "sha256:8090e75653ea7db75bc21fa5f7bcf5f7bdf64ea258cbbac45c7065f6324f1b50"},
    {file = "simplejson-3.19.1-cp37-cp37m-manylinux_2_5_i686.manylinux1_i686.manylinux_2_17_i686.manylinux2014_i686.whl", hash = "sha256:a755f7bfc8adcb94887710dc70cc12a69a454120c6adcc6f251c3f7b46ee6aac"},
    {file = "simplejson-3.19.1-cp37-cp37m-manylinux_2_5_x86_64.manylinux1_x86_64.manylinux_2_17_x86_64.manylinux2014_x86_64.whl", hash = "sha256:0ccb2c1877bc9b25bc4f4687169caa925ffda605d7569c40e8e95186e9a5e58b"},
    {file = "simplejson-3.19.1-cp37-cp37m-musllinux_1_1_aarch64.whl", hash = "sha256:919bc5aa4d8094cf8f1371ea9119e5d952f741dc4162810ab714aec948a23fe5"},
    {file = "simplejson-3.19.1-cp37-cp37m-musllinux_1_1_i686.whl", hash = "sha256:e333c5b62e93949f5ac27e6758ba53ef6ee4f93e36cc977fe2e3df85c02f6dc4"},
    {file = "simplejson-3.19.1-cp37-cp37m-musllinux_1_1_ppc64le.whl", hash = "sha256:3a4480e348000d89cf501b5606415f4d328484bbb431146c2971123d49fd8430"},
    {file = "simplejson-3.19.1-cp37-cp37m-musllinux_1_1_x86_64.whl", hash = "sha256:cb502cde018e93e75dc8fc7bb2d93477ce4f3ac10369f48866c61b5e031db1fd"},
    {file = "simplejson-3.19.1-cp37-cp37m-win32.whl", hash = "sha256:f41915a4e1f059dfad614b187bc06021fefb5fc5255bfe63abf8247d2f7a646a"},
    {file = "simplejson-3.19.1-cp37-cp37m-win_amd64.whl", hash = "sha256:3844305bc33d52c4975da07f75b480e17af3558c0d13085eaa6cc2f32882ccf7"},
    {file = "simplejson-3.19.1-cp38-cp38-macosx_10_9_universal2.whl", hash = "sha256:1cb19eacb77adc5a9720244d8d0b5507421d117c7ed4f2f9461424a1829e0ceb"},
    {file = "simplejson-3.19.1-cp38-cp38-macosx_10_9_x86_64.whl", hash = "sha256:926957b278de22797bfc2f004b15297013843b595b3cd7ecd9e37ccb5fad0b72"},
    {file = "simplejson-3.19.1-cp38-cp38-macosx_11_0_arm64.whl", hash = "sha256:b0e9a5e66969f7a47dc500e3dba8edc3b45d4eb31efb855c8647700a3493dd8a"},
    {file = "simplejson-3.19.1-cp38-cp38-manylinux_2_17_aarch64.manylinux2014_aarch64.whl", hash = "sha256:79d46e7e33c3a4ef853a1307b2032cfb7220e1a079d0c65488fbd7118f44935a"},
    {file = "simplejson-3.19.1-cp38-cp38-manylinux_2_17_ppc64le.manylinux2014_ppc64le.whl", hash = "sha256:344a5093b71c1b370968d0fbd14d55c9413cb6f0355fdefeb4a322d602d21776"},
    {file = "simplejson-3.19.1-cp38-cp38-manylinux_2_5_i686.manylinux1_i686.manylinux_2_17_i686.manylinux2014_i686.whl", hash = "sha256:23fbb7b46d44ed7cbcda689295862851105c7594ae5875dce2a70eeaa498ff86"},
    {file = "simplejson-3.19.1-cp38-cp38-manylinux_2_5_x86_64.manylinux1_x86_64.manylinux_2_17_x86_64.manylinux2014_x86_64.whl", hash = "sha256:4d3025e7e9ddb48813aec2974e1a7e68e63eac911dd5e0a9568775de107ac79a"},
    {file = "simplejson-3.19.1-cp38-cp38-musllinux_1_1_aarch64.whl", hash = "sha256:87b190e6ceec286219bd6b6f13547ca433f977d4600b4e81739e9ac23b5b9ba9"},
    {file = "simplejson-3.19.1-cp38-cp38-musllinux_1_1_i686.whl", hash = "sha256:dc935d8322ba9bc7b84f99f40f111809b0473df167bf5b93b89fb719d2c4892b"},
    {file = "simplejson-3.19.1-cp38-cp38-musllinux_1_1_ppc64le.whl", hash = "sha256:3b652579c21af73879d99c8072c31476788c8c26b5565687fd9db154070d852a"},
    {file = "simplejson-3.19.1-cp38-cp38-musllinux_1_1_x86_64.whl", hash = "sha256:6aa7ca03f25b23b01629b1c7f78e1cd826a66bfb8809f8977a3635be2ec48f1a"},
    {file = "simplejson-3.19.1-cp38-cp38-win32.whl", hash = "sha256:08be5a241fdf67a8e05ac7edbd49b07b638ebe4846b560673e196b2a25c94b92"},
    {file = "simplejson-3.19.1-cp38-cp38-win_amd64.whl", hash = "sha256:ca56a6c8c8236d6fe19abb67ef08d76f3c3f46712c49a3b6a5352b6e43e8855f"},
    {file = "simplejson-3.19.1-cp39-cp39-macosx_10_9_universal2.whl", hash = "sha256:6424d8229ba62e5dbbc377908cfee9b2edf25abd63b855c21f12ac596cd18e41"},
    {file = "simplejson-3.19.1-cp39-cp39-macosx_10_9_x86_64.whl", hash = "sha256:547ea86ca408a6735335c881a2e6208851027f5bfd678d8f2c92a0f02c7e7330"},
    {file = "simplejson-3.19.1-cp39-cp39-macosx_11_0_arm64.whl", hash = "sha256:889328873c35cb0b2b4c83cbb83ec52efee5a05e75002e2c0c46c4e42790e83c"},
    {file = "simplejson-3.19.1-cp39-cp39-manylinux_2_17_aarch64.manylinux2014_aarch64.whl", hash = "sha256:44cdb4e544134f305b033ad79ae5c6b9a32e7c58b46d9f55a64e2a883fbbba01"},
    {file = "simplejson-3.19.1-cp39-cp39-manylinux_2_17_ppc64le.manylinux2014_ppc64le.whl", hash = "sha256:dc2b3f06430cbd4fac0dae5b2974d2bf14f71b415fb6de017f498950da8159b1"},
    {file = "simplejson-3.19.1-cp39-cp39-manylinux_2_5_i686.manylinux1_i686.manylinux_2_17_i686.manylinux2014_i686.whl", hash = "sha256:d125e754d26c0298715bdc3f8a03a0658ecbe72330be247f4b328d229d8cf67f"},
    {file = "simplejson-3.19.1-cp39-cp39-manylinux_2_5_x86_64.manylinux1_x86_64.manylinux_2_17_x86_64.manylinux2014_x86_64.whl", hash = "sha256:476c8033abed7b1fd8db62a7600bf18501ce701c1a71179e4ce04ac92c1c5c3c"},
    {file = "simplejson-3.19.1-cp39-cp39-musllinux_1_1_aarch64.whl", hash = "sha256:199a0bcd792811c252d71e3eabb3d4a132b3e85e43ebd93bfd053d5b59a7e78b"},
    {file = "simplejson-3.19.1-cp39-cp39-musllinux_1_1_i686.whl", hash = "sha256:a79b439a6a77649bb8e2f2644e6c9cc0adb720fc55bed63546edea86e1d5c6c8"},
    {file = "simplejson-3.19.1-cp39-cp39-musllinux_1_1_ppc64le.whl", hash = "sha256:203412745fed916fc04566ecef3f2b6c872b52f1e7fb3a6a84451b800fb508c1"},
    {file = "simplejson-3.19.1-cp39-cp39-musllinux_1_1_x86_64.whl", hash = "sha256:5ca922c61d87b4c38f37aa706520328ffe22d7ac1553ef1cadc73f053a673553"},
    {file = "simplejson-3.19.1-cp39-cp39-win32.whl", hash = "sha256:3e0902c278243d6f7223ba3e6c5738614c971fd9a887fff8feaa8dcf7249c8d4"},
    {file = "simplejson-3.19.1-cp39-cp39-win_amd64.whl", hash = "sha256:d396b610e77b0c438846607cd56418bfc194973b9886550a98fd6724e8c6cfec"},
    {file = "simplejson-3.19.1-py3-none-any.whl", hash = "sha256:4710806eb75e87919b858af0cba4ffedc01b463edc3982ded7b55143f39e41e1"},
    {file = "simplejson-3.19.1.tar.gz", hash = "sha256:6277f60848a7d8319d27d2be767a7546bc965535b28070e310b3a9af90604a4c"},
]

[[package]]
name = "six"
version = "1.16.0"
description = "Python 2 and 3 compatibility utilities"
optional = false
python-versions = ">=2.7, !=3.0.*, !=3.1.*, !=3.2.*"
files = [
    {file = "six-1.16.0-py2.py3-none-any.whl", hash = "sha256:8abb2f1d86890a2dfb989f9a77cfcfd3e47c2a354b01111771326f8aa26e0254"},
    {file = "six-1.16.0.tar.gz", hash = "sha256:1e61c37477a1626458e36f7b1d82aa5c9b094fa4802892072e49de9c60c4c926"},
]

[[package]]
name = "typing-extensions"
version = "4.7.1"
description = "Backported and Experimental Type Hints for Python 3.7+"
optional = false
python-versions = ">=3.7"
files = [
    {file = "typing_extensions-4.7.1-py3-none-any.whl", hash = "sha256:440d5dd3af93b060174bf433bccd69b0babc3b15b1a8dca43789fd7f61514b36"},
    {file = "typing_extensions-4.7.1.tar.gz", hash = "sha256:b75ddc264f0ba5615db7ba217daeb99701ad295353c45f9e95963337ceeeffb2"},
]

[[package]]
name = "ws4py"
version = "0.5.1"
description = "WebSocket client and server library for Python 2 and 3 as well as PyPy"
optional = false
python-versions = "*"
files = [
    {file = "ws4py-0.5.1.tar.gz", hash = "sha256:29d073d7f2e006373e6a848b1d00951a1107eb81f3742952be905429dc5a5483"},
]

[metadata]
lock-version = "2.0"
python-versions = ">=3.10,<4.0"
content-hash = "46fe40641e2d49fd6a59d21f5ab7eec95547fa9d46c1dfe61b2ffb5307401eec"
